<Solution>
  <Folder Name="/chapters/" />
  <Folder Name="/chapters/01-basics/">
    <Project Path="chapters/01-basics/Basics.csproj" />
  </Folder>
  <Folder Name="/chapters/02-output/">
    <Project Path="chapters/02-output/Chapter02.csproj" />
  </Folder>
  <Folder Name="/chapters/03-variables/">
    <Project Path="chapters/03-variables/Variables.csproj" />
  </Folder>
  <Folder Name="/chapters/04-typecast/">
    <Project Path="chapters/04-typecast/Typecast.csproj" />
  </Folder>
  <Folder Name="/chapters/05-input/">
    <Project Path="chapters/05-input/Input.csproj" />
  </Folder>
  <Folder Name="/chapters/06-math/">
    <Project Path="chapters/06-math/Math.csproj" />
  </Folder>
  <Folder Name="/chapters/07-random/">
    <Project Path="chapters/07-random/Random.csproj" />
  </Folder>
  <Folder Name="/chapters/08-hypotenuse-calculator/">
    <Project Path="chapters/08-hypotenuse-calculator/Hypotenuse.csproj" />
  </Folder>
  <Folder Name="/chapters/09-stringmethods/">
    <Project Path="chapters/09-stringmethods/strings.csproj" />
  </Folder>
  <Folder Name="/chapters/10-ifstatements/">
    <Project Path="chapters/10-ifstatements/if statements.csproj" />
  </Folder>
  <Folder Name="/chapters/11-switch/">
    <Project Path="chapters/11-switch/switch.csproj" />
  </Folder>
  <Folder Name="/chapters/12_logicalOperators/">
    <Project Path="chapters/12_logicalOperators/logical operators.csproj" />
  </Folder>
  <Folder Name="/chapters/13_while/">
    <Project Path="chapters/13_while/while.csproj" />
  </Folder>
  <Folder Name="/chapters/14_for/">
    <Project Path="chapters/14_for/for.csproj" />
  </Folder>
  <Folder Name="/chapters/15_NestedLoops/">
    <Project Path="chapters/15_NestedLoops/nestedLoops.csproj" />
  </Folder>
  <Folder Name="/chapters/16_NumberGuessingGame/">
    <Project Path="chapters/16_NumberGuessingGame/NumberGuessingGame.csproj" />
  </Folder>
  <Folder Name="/chapters/17_rockPaperScissors/">
    <Project Path="chapters/17_rockPaperScissors/rockPaperScissors.csproj" />
  </Folder>
</Solution>
